{
  "originHash" : "a946d5db406d348354312c8f25c528e32ed9155113394154f13591040aa15139",
  "pins" : [
    {
      "identity" : "fluidaudio",
      "kind" : "remoteSourceControl",
      "location" : "https://github.com/FluidInference/FluidAudio.git",
      "state" : {
        "revision" : "19600a485baa4998812e4654b70d2bab8f2c9949",
        "version" : "0.15.5"
      }
    },
    {
      "identity" : "sparkle",
      "kind" : "remoteSourceControl",
      "location" : "https://github.com/sparkle-project/Sparkle",
      "state" : {
        "revision" : "79bc9e872948e47877e76f194cb0c8e0412b0b90",
        "version" : "2.9.5"
      }
    },
    {
      "identity" : "swishclone",
      "kind" : "remoteSourceControl",
      "location" : "https://github.com/hectorpasserat2004-create/SwishClone.git",
      "state" : {
        "revision" : "5e8ace9742cbbdf528f840353b95da79c82c19ee",
        "version" : "0.1.1"
      }
    }
  ],
  "version" : 3
}
