{
  "originHash" : "95421552464fe2353b9cfcf67eb74e1f9d3c36adbb7787c5d75d14514e5b2cb5",
  "pins" : [
    {
      "identity" : "fluidaudio",
      "kind" : "remoteSourceControl",
      "location" : "https://github.com/FluidInference/FluidAudio.git",
      "state" : {
        "revision" : "19600a485baa4998812e4654b70d2bab8f2c9949",
        "version" : "0.15.5"
      }
    },
    {
      "identity" : "sparkle",
      "kind" : "remoteSourceControl",
      "location" : "https://github.com/sparkle-project/Sparkle",
      "state" : {
        "revision" : "79bc9e872948e47877e76f194cb0c8e0412b0b90",
        "version" : "2.9.5"
      }
    },
    {
      "identity" : "swishclone",
      "kind" : "remoteSourceControl",
      "location" : "https://github.com/hectorpasserat2004-create/SwishClone.git",
      "state" : {
        "revision" : "7f7a74c3e8e9f88cd21dac104f37bdc93f001be6",
        "version" : "0.1.5"
      }
    }
  ],
  "version" : 3
}
