{
  "originHash" : "6a306ff41ca70819507ada7cd605b4604a06ccc84f1104550f9a2cfaf8dcfc40",
  "pins" : [
    {
      "identity" : "fluidaudio",
      "kind" : "remoteSourceControl",
      "location" : "https://github.com/FluidInference/FluidAudio.git",
      "state" : {
        "revision" : "19600a485baa4998812e4654b70d2bab8f2c9949",
        "version" : "0.15.5"
      }
    },
    {
      "identity" : "sparkle",
      "kind" : "remoteSourceControl",
      "location" : "https://github.com/sparkle-project/Sparkle",
      "state" : {
        "revision" : "79bc9e872948e47877e76f194cb0c8e0412b0b90",
        "version" : "2.9.5"
      }
    },
    {
      "identity" : "swishclone",
      "kind" : "remoteSourceControl",
      "location" : "https://github.com/hectorpasserat2004-create/SwishClone.git",
      "state" : {
        "revision" : "522401555d3e835d27ac4e4f30e5b2bb70f85d1f",
        "version" : "0.1.2"
      }
    }
  ],
  "version" : 3
}
